dependencies:
  chill-sam/ssd1306:
    component_hash: 6be33faa92d913d198ef61f70d58708c4cebd5c93e74cf3e2a43446877cf04f6
    dependencies:
    - name: idf
      require: private
      version: '>=5.3'
    source:
      registry_url: https://components.espressif.com/
      type: service
    targets:
    - esp32
    - esp32s2
    - esp32s3
    - esp32c3
    version: 1.1.2
  idf:
    source:
      type: idf
    version: 6.0.1
direct_dependencies:
- chill-sam/ssd1306
- idf
manifest_hash: 69d0758a0ade8d059afeb827f7f51e734d6011cae69f9543c5ee1b519db81220
target: esp32s3
version: 3.0.0
